// !$*UTF8*$!
{
	archiveVersion = 1;
	classes = {
	};
	objectVersion = 50;
	objects = {

/* Begin PBXBuildFile section */
		1825239C2633092700CD8390 /* AppDelegate.swift in Sources */ = {isa = PBXBuildFile; fileRef = 1825239B2633092700CD8390 /* AppDelegate.swift */; };
		1825239E2633092700CD8390 /* SceneDelegate.swift in Sources */ = {isa = PBXBuildFile; fileRef = 1825239D2633092700CD8390 /* SceneDelegate.swift */; };
		182523A02633092700CD8390 /* ViewController.swift in Sources */ = {isa = PBXBuildFile; fileRef = 1825239F2633092700CD8390 /* ViewController.swift */; };
		182523A32633092700CD8390 /* Main.storyboard in Resources */ = {isa = PBXBuildFile; fileRef = 182523A12633092700CD8390 /* Main.storyboard */; };
		182523A52633092800CD8390 /* Assets.xcassets in Resources */ = {isa = PBXBuildFile; fileRef = 182523A42633092800CD8390 /* Assets.xcassets */; };
		182523A82633092800CD8390 /* LaunchScreen.storyboard in Resources */ = {isa = PBXBuildFile; fileRef = 182523A62633092800CD8390 /* LaunchScreen.storyboard */; };
		182523B126337EFA00CD8390 /* NotificationSettingsViewDelegate.swift in Sources */ = {isa = PBXBuildFile; fileRef = 182523B026337EFA00CD8390 /* NotificationSettingsViewDelegate.swift */; };
		182523B426337F1D00CD8390 /* NotificationSettingView.swift in Sources */ = {isa = PBXBuildFile; fileRef = 182523B326337F1D00CD8390 /* NotificationSettingView.swift */; };
/* End PBXBuildFile section */

/* Begin PBXFileReference section */
		182523982633092700CD8390 /* ViewDelegate.app */ = {isa = PBXFileReference; explicitFileType = wrapper.application; includeInIndex = 0; path = ViewDelegate.app; sourceTree = BUILT_PRODUCTS_DIR; };
		1825239B2633092700CD8390 /* AppDelegate.swift */ = {isa = PBXFileReference; lastKnownFileType = sourcecode.swift; path = AppDelegate.swift; sourceTree = "<group>"; };
		1825239D2633092700CD8390 /* SceneDelegate.swift */ = {isa = PBXFileReference; lastKnownFileType = sourcecode.swift; path = SceneDelegate.swift; sourceTree = "<group>"; };
		1825239F2633092700CD8390 /* ViewController.swift */ = {isa = PBXFileReference; lastKnownFileType = sourcecode.swift; path = ViewController.swift; sourceTree = "<group>"; };
		182523A22633092700CD8390 /* Base */ = {isa = PBXFileReference; lastKnownFileType = file.storyboard; name = Base; path = Base.lproj/Main.storyboard; sourceTree = "<group>"; };
		182523A42633092800CD8390 /* Assets.xcassets */ = {isa = PBXFileReference; lastKnownFileType = folder.assetcatalog; path = Assets.xcassets; sourceTree = "<group>"; };
		182523A72633092800CD8390 /* Base */ = {isa = PBXFileReference; lastKnownFileType = file.storyboard; name = Base; path = Base.lproj/LaunchScreen.storyboard; sourceTree = "<group>"; };
		182523A92633092800CD8390 /* Info.plist */ = {isa = PBXFileReference; lastKnownFileType = text.plist.xml; path = Info.plist; sourceTree = "<group>"; };
		182523B026337EFA00CD8390 /* NotificationSettingsViewDelegate.swift */ = {isa = PBXFileReference; lastKnownFileType = sourcecode.swift; path = NotificationSettingsViewDelegate.swift; sourceTree = "<group>"; };
		182523B326337F1D00CD8390 /* NotificationSettingView.swift */ = {isa = PBXFileReference; lastKnownFileType = sourcecode.swift; path = NotificationSettingView.swift; sourceTree = "<group>"; };
/* End PBXFileReference section */

/* Begin PBXFrameworksBuildPhase section */
		182523952633092700CD8390 /* Frameworks */ = {
			isa = PBXFrameworksBuildPhase;
			buildActionMask = 2147483647;
			files = (
			);
			runOnlyForDeploymentPostprocessing = 0;
		};
/* End PBXFrameworksBuildPhase section */

/* Begin PBXGroup section */
		1825238F2633092700CD8390 = {
			isa = PBXGroup;
			children = (
				1825239A2633092700CD8390 /* ViewDelegate */,
				182523992633092700CD8390 /* Products */,
			);
			sourceTree = "<group>";
		};
		182523992633092700CD8390 /* Products */ = {
			isa = PBXGroup;
			children = (
				182523982633092700CD8390 /* ViewDelegate.app */,
			);
			name = Products;
			sourceTree = "<group>";
		};
		1825239A2633092700CD8390 /* ViewDelegate */ = {
			isa = PBXGroup;
			children = (
				1825239B2633092700CD8390 /* AppDelegate.swift */,
				1825239D2633092700CD8390 /* SceneDelegate.swift */,
				1825239F2633092700CD8390 /* ViewController.swift */,
				182523B026337EFA00CD8390 /* NotificationSettingsViewDelegate.swift */,
				182523B326337F1D00CD8390 /* NotificationSettingView.swift */,
				182523A12633092700CD8390 /* Main.storyboard */,
				182523A42633092800CD8390 /* Assets.xcassets */,
				182523A62633092800CD8390 /* LaunchScreen.storyboard */,
				182523A92633092800CD8390 /* Info.plist */,
			);
			path = ViewDelegate;
			sourceTree = "<group>";
		};
/* End PBXGroup section */

/* Begin PBXNativeTarget section */
		182523972633092700CD8390 /* ViewDelegate */ = {
			isa = PBXNativeTarget;
			buildConfigurationList = 182523AC2633092800CD8390 /* Build configuration list for PBXNativeTarget "ViewDelegate" */;
			buildPhases = (
				182523942633092700CD8390 /* Sources */,
				182523952633092700CD8390 /* Frameworks */,
				182523962633092700CD8390 /* Resources */,
			);
			buildRules = (
			);
			dependencies = (
			);
			name = ViewDelegate;
			productName = ViewDelegate;
			productReference = 182523982633092700CD8390 /* ViewDelegate.app */;
			productType = "com.apple.product-type.application";
		};
/* End PBXNativeTarget section */

/* Begin PBXProject section */
		182523902633092700CD8390 /* Project object */ = {
			isa = PBXProject;
			attributes = {
				LastSwiftUpdateCheck = 1240;
				LastUpgradeCheck = 1240;
				TargetAttributes = {
					182523972633092700CD8390 = {
						CreatedOnToolsVersion = 12.4;
					};
				};
			};
			buildConfigurationList = 182523932633092700CD8390 /* Build configuration list for PBXProject "ViewDelegate" */;
			compatibilityVersion = "Xcode 9.3";
			developmentRegion = en;
			hasScannedForEncodings = 0;
			knownRegions = (
				en,
				Base,
			);
			mainGroup = 1825238F2633092700CD8390;
			productRefGroup = 182523992633092700CD8390 /* Products */;
			projectDirPath = "";
			projectRoot = "";
			targets = (
				182523972633092700CD8390 /* ViewDelegate */,
			);
		};
/* End PBXProject section */

/* Begin PBXResourcesBuildPhase section */
		182523962633092700CD8390 /* Resources */ = {
			isa = PBXResourcesBuildPhase;
			buildActionMask = 2147483647;
			files = (
				182523A82633092800CD8390 /* LaunchScreen.storyboard in Resources */,
				182523A52633092800CD8390 /* Assets.xcassets in Resources */,
				182523A32633092700CD8390 /* Main.storyboard in Resources */,
			);
			runOnlyForDeploymentPostprocessing = 0;
		};
/* End PBXResourcesBuildPhase section */

/* Begin PBXSourcesBuildPhase section */
		182523942633092700CD8390 /* Sources */ = {
			isa = PBXSourcesBuildPhase;
			buildActionMask = 2147483647;
			files = (
				182523A02633092700CD8390 /* ViewController.swift in Sources */,
				182523B426337F1D00CD8390 /* NotificationSettingView.swift in Sources */,
				1825239C2633092700CD8390 /* AppDelegate.swift in Sources */,
				1825239E2633092700CD8390 /* SceneDelegate.swift in Sources */,
				182523B126337EFA00CD8390 /* NotificationSettingsViewDelegate.swift in Sources */,
			);
			runOnlyForDeploymentPostprocessing = 0;
		};
/* End PBXSourcesBuildPhase section */

/* Begin PBXVariantGroup section */
		182523A12633092700CD8390 /* Main.storyboard */ = {
			isa = PBXVariantGroup;
			children = (
				182523A22633092700CD8390 /* Base */,
			);
			name = Main.storyboard;
			sourceTree = "<group>";
		};
		182523A62633092800CD8390 /* LaunchScreen.storyboard */ = {
			isa = PBXVariantGroup;
			children = (
				182523A72633092800CD8390 /* Base */,
			);
			name = LaunchScreen.storyboard;
			sourceTree = "<group>";
		};
/* End PBXVariantGroup section */

/* Begin XCBuildConfiguration section */
		182523AA2633092800CD8390 /* Debug */ = {
			isa = XCBuildConfiguration;
			buildSettings = {
				ALWAYS_SEARCH_USER_PATHS = NO;
				CLANG_ANALYZER_NONNULL = YES;
				CLANG_ANALYZER_NUMBER_OBJECT_CONVERSION = YES_AGGRESSIVE;
				CLANG_CXX_LANGUAGE_STANDARD = "gnu++14";
				CLANG_CXX_LIBRARY = "libc++";
				CLANG_ENABLE_MODULES = YES;
				CLANG_ENABLE_OBJC_ARC = YES;
				CLANG_ENABLE_OBJC_WEAK = YES;
				CLANG_WARN_BLOCK_CAPTURE_AUTORELEASING = YES;
				CLANG_WARN_BOOL_CONVERSION = YES;
				CLANG_WARN_COMMA = YES;
				CLANG_WARN_CONSTANT_CONVERSION = YES;
				CLANG_WARN_DEPRECATED_OBJC_IMPLEMENTATIONS = YES;
				CLANG_WARN_DIRECT_OBJC_ISA_USAGE = YES_ERROR;
				CLANG_WARN_DOCUMENTATION_COMMENTS = YES;
				CLANG_WARN_EMPTY_BODY = YES;
				CLANG_WARN_ENUM_CONVERSION = YES;
				CLANG_WARN_INFINITE_RECURSION = YES;
				CLANG_WARN_INT_CONVERSION = YES;
				CLANG_WARN_NON_LITERAL_NULL_CONVERSION = YES;
				CLANG_WARN_OBJC_IMPLICIT_RETAIN_SELF = YES;
				CLANG_WARN_OBJC_LITERAL_CONVERSION = YES;
				CLANG_WARN_OBJC_ROOT_CLASS = YES_ERROR;
				CLANG_WARN_QUOTED_INCLUDE_IN_FRAMEWORK_HEADER = YES;
				CLANG_WARN_RANGE_LOOP_ANALYSIS = YES;
				CLANG_WARN_STRICT_PROTOTYPES = YES;
				CLANG_WARN_SUSPICIOUS_MOVE = YES;
				CLANG_WARN_UNGUARDED_AVAILABILITY = YES_AGGRESSIVE;
				CLANG_WARN_UNREACHABLE_CODE = YES;
				CLANG_WARN__DUPLICATE_METHOD_MATCH = YES;
				COPY_PHASE_STRIP = NO;
				DEBUG_INFORMATION_FORMAT = dwarf;
				ENABLE_STRICT_OBJC_MSGSEND = YES;
				ENABLE_TESTABILITY = YES;
				GCC_C_LANGUAGE_STANDARD = gnu11;
				GCC_DYNAMIC_NO_PIC = NO;
				GCC_NO_COMMON_BLOCKS = YES;
				GCC_OPTIMIZATION_LEVEL = 0;
				GCC_PREPROCESSOR_DEFINITIONS = (
					"DEBUG=1",
					"$(inherited)",
				);
				GCC_WARN_64_TO_32_BIT_CONVERSION = YES;
				GCC_WARN_ABOUT_RETURN_TYPE = YES_ERROR;
				GCC_WARN_UNDECLARED_SELECTOR = YES;
				GCC_WARN_UNINITIALIZED_AUTOS = YES_AGGRESSIVE;
				GCC_WARN_UNUSED_FUNCTION = YES;
				GCC_WARN_UNUSED_VARIABLE = YES;
				IPHONEOS_DEPLOYMENT_TARGET = 14.4;
				MTL_ENABLE_DEBUG_INFO = INCLUDE_SOURCE;
				MTL_FAST_MATH = YES;
				ONLY_ACTIVE_ARCH = YES;
				SDKROOT = iphoneos;
				SWIFT_ACTIVE_COMPILATION_CONDITIONS = DEBUG;
				SWIFT_OPTIMIZATION_LEVEL = "-Onone";
			};
			name = Debug;
		};
		182523AB2633092800CD8390 /* Release */ = {
			isa = XCBuildConfiguration;
			buildSettings = {
				ALWAYS_SEARCH_USER_PATHS = NO;
				CLANG_ANALYZER_NONNULL = YES;
				CLANG_ANALYZER_NUMBER_OBJECT_CONVERSION = YES_AGGRESSIVE;
				CLANG_CXX_LANGUAGE_STANDARD = "gnu++14";
				CLANG_CXX_LIBRARY = "libc++";
				CLANG_ENABLE_MODULES = YES;
				CLANG_ENABLE_OBJC_ARC = YES;
				CLANG_ENABLE_OBJC_WEAK = YES;
				CLANG_WARN_BLOCK_CAPTURE_AUTORELEASING = YES;
				CLANG_WARN_BOOL_CONVERSION = YES;
				CLANG_WARN_COMMA = YES;
				CLANG_WARN_CONSTANT_CONVERSION = YES;
				CLANG_WARN_DEPRECATED_OBJC_IMPLEMENTATIONS = YES;
				CLANG_WARN_DIRECT_OBJC_ISA_USAGE = YES_ERROR;
				CLANG_WARN_DOCUMENTATION_COMMENTS = YES;
				CLANG_WARN_EMPTY_BODY = YES;
				CLANG_WARN_ENUM_CONVERSION = YES;
				CLANG_WARN_INFINITE_RECURSION = YES;
				CLANG_WARN_INT_CONVERSION = YES;
				CLANG_WARN_NON_LITERAL_NULL_CONVERSION = YES;
				CLANG_WARN_OBJC_IMPLICIT_RETAIN_SELF = YES;
				CLANG_WARN_OBJC_LITERAL_CONVERSION = YES;
				CLANG_WARN_OBJC_ROOT_CLASS = YES_ERROR;
				CLANG_WARN_QUOTED_INCLUDE_IN_FRAMEWORK_HEADER = YES;
				CLANG_WARN_RANGE_LOOP_ANALYSIS = YES;
				CLANG_WARN_STRICT_PROTOTYPES = YES;
				CLANG_WARN_SUSPICIOUS_MOVE = YES;
				CLANG_WARN_UNGUARDED_AVAILABILITY = YES_AGGRESSIVE;
				CLANG_WARN_UNREACHABLE_CODE = YES;
				CLANG_WARN__DUPLICATE_METHOD_MATCH = YES;
				COPY_PHASE_STRIP = NO;
				DEBUG_INFORMATION_FORMAT = "dwarf-with-dsym";
				ENABLE_NS_ASSERTIONS = NO;
				ENABLE_STRICT_OBJC_MSGSEND = YES;
				GCC_C_LANGUAGE_STANDARD = gnu11;
				GCC_NO_COMMON_BLOCKS = YES;
				GCC_WARN_64_TO_32_BIT_CONVERSION = YES;
				GCC_WARN_ABOUT_RETURN_TYPE = YES_ERROR;
				GCC_WARN_UNDECLARED_SELECTOR = YES;
				GCC_WARN_UNINITIALIZED_AUTOS = YES_AGGRESSIVE;
				GCC_WARN_UNUSED_FUNCTION = YES;
				GCC_WARN_UNUSED_VARIABLE = YES;
				IPHONEOS_DEPLOYMENT_TARGET = 14.4;
				MTL_ENABLE_DEBUG_INFO = NO;
				MTL_FAST_MATH = YES;
				SDKROOT = iphoneos;
				SWIFT_COMPILATION_MODE = wholemodule;
				SWIFT_OPTIMIZATION_LEVEL = "-O";
				VALIDATE_PRODUCT = YES;
			};
			name = Release;
		};
		182523AD2633092800CD8390 /* Debug */ = {
			isa = XCBuildConfiguration;
			buildSettings = {
				ASSETCATALOG_COMPILER_APPICON_NAME = AppIcon;
				ASSETCATALOG_COMPILER_GLOBAL_ACCENT_COLOR_NAME = AccentColor;
				CODE_SIGN_STYLE = Automatic;
				DEVELOPMENT_TEAM = 4X8K6Z86C3;
				INFOPLIST_FILE = ViewDelegate/Info.plist;
				LD_RUNPATH_SEARCH_PATHS = (
					"$(inherited)",
					"@executable_path/Frameworks",
				);
				PRODUCT_BUNDLE_IDENTIFIER = alley.ViewDelegate;
				PRODUCT_NAME = "$(TARGET_NAME)";
				SWIFT_VERSION = 5.0;
				TARGETED_DEVICE_FAMILY = "1,2";
			};
			name = Debug;
		};
		182523AE2633092800CD8390 /* Release */ = {
			isa = XCBuildConfiguration;
			buildSettings = {
				ASSETCATALOG_COMPILER_APPICON_NAME = AppIcon;
				ASSETCATALOG_COMPILER_GLOBAL_ACCENT_COLOR_NAME = AccentColor;
				CODE_SIGN_STYLE = Automatic;
				DEVELOPMENT_TEAM = 4X8K6Z86C3;
				INFOPLIST_FILE = ViewDelegate/Info.plist;
				LD_RUNPATH_SEARCH_PATHS = (
					"$(inherited)",
					"@executable_path/Frameworks",
				);
				PRODUCT_BUNDLE_IDENTIFIER = alley.ViewDelegate;
				PRODUCT_NAME = "$(TARGET_NAME)";
				SWIFT_VERSION = 5.0;
				TARGETED_DEVICE_FAMILY = "1,2";
			};
			name = Release;
		};
/* End XCBuildConfiguration section */

/* Begin XCConfigurationList section */
		182523932633092700CD8390 /* Build configuration list for PBXProject "ViewDelegate" */ = {
			isa = XCConfigurationList;
			buildConfigurations = (
				182523AA2633092800CD8390 /* Debug */,
				182523AB2633092800CD8390 /* Release */,
			);
			defaultConfigurationIsVisible = 0;
			defaultConfigurationName = Release;
		};
		182523AC2633092800CD8390 /* Build configuration list for PBXNativeTarget "ViewDelegate" */ = {
			isa = XCConfigurationList;
			buildConfigurations = (
				182523AD2633092800CD8390 /* Debug */,
				182523AE2633092800CD8390 /* Release */,
			);
			defaultConfigurationIsVisible = 0;
			defaultConfigurationName = Release;
		};
/* End XCConfigurationList section */
	};
	rootObject = 182523902633092700CD8390 /* Project object */;
}
